// !$*UTF8*$!
{
	archiveVersion = 1;
	classes = {
	};
	objectVersion = 50;
	objects = {

/* Begin PBXBuildFile section */
		EC2561E8208FA40700731559 /* AppDelegate.swift in Sources */ = {isa = PBXBuildFile; fileRef = EC2561E7208FA40700731559 /* AppDelegate.swift */; };
		EC2561EA208FA40800731559 /* ScannerViewController.swift in Sources */ = {isa = PBXBuildFile; fileRef = EC2561E9208FA40800731559 /* ScannerViewController.swift */; };
		EC2561ED208FA40800731559 /* Main.storyboard in Resources */ = {isa = PBXBuildFile; fileRef = EC2561EB208FA40800731559 /* Main.storyboard */; };
		EC2561EF208FA40900731559 /* Assets.xcassets in Resources */ = {isa = PBXBuildFile; fileRef = EC2561EE208FA40900731559 /* Assets.xcassets */; };
		EC2561F2208FA40900731559 /* LaunchScreen.storyboard in Resources */ = {isa = PBXBuildFile; fileRef = EC2561F0208FA40900731559 /* LaunchScreen.storyboard */; };
		EC286E9020952780000647A5 /* beep-07.mp3 in Resources */ = {isa = PBXBuildFile; fileRef = EC286E8F20952780000647A5 /* beep-07.mp3 */; };
		ECFFE330209656D9002BEA7A /* WelcomeViewController.swift in Sources */ = {isa = PBXBuildFile; fileRef = ECFFE32F209656D9002BEA7A /* WelcomeViewController.swift */; };
		ECFFE33220966354002BEA7A /* OpenFoodViewController.swift in Sources */ = {isa = PBXBuildFile; fileRef = ECFFE33120966354002BEA7A /* OpenFoodViewController.swift */; };
/* End PBXBuildFile section */

/* Begin PBXFileReference section */
		EC2561E4208FA40700731559 /* Scanner.app */ = {isa = PBXFileReference; explicitFileType = wrapper.application; includeInIndex = 0; path = Scanner.app; sourceTree = BUILT_PRODUCTS_DIR; };
		EC2561E7208FA40700731559 /* AppDelegate.swift */ = {isa = PBXFileReference; lastKnownFileType = sourcecode.swift; name = AppDelegate.swift; path = "/Users/jean-michelzaragoza/Desktop/Scanner/Scanner/AppDelegate.swift"; sourceTree = "<absolute>"; };
		EC2561E9208FA40800731559 /* ScannerViewController.swift */ = {isa = PBXFileReference; lastKnownFileType = sourcecode.swift; path = ScannerViewController.swift; sourceTree = "<group>"; };
		EC2561EC208FA40800731559 /* Base */ = {isa = PBXFileReference; lastKnownFileType = file.storyboard; name = Base; path = Base.lproj/Main.storyboard; sourceTree = "<group>"; };
		EC2561EE208FA40900731559 /* Assets.xcassets */ = {isa = PBXFileReference; lastKnownFileType = folder.assetcatalog; name = Assets.xcassets; path = "/Users/jean-michelzaragoza/Desktop/Scanner/Scanner/Assets.xcassets"; sourceTree = "<absolute>"; };
		EC2561F1208FA40900731559 /* Base */ = {isa = PBXFileReference; lastKnownFileType = file.storyboard; name = Base; path = Base.lproj/LaunchScreen.storyboard; sourceTree = "<group>"; };
		EC2561F3208FA40900731559 /* Info.plist */ = {isa = PBXFileReference; lastKnownFileType = text.plist.xml; path = Info.plist; sourceTree = "<group>"; };
		EC286E8F20952780000647A5 /* beep-07.mp3 */ = {isa = PBXFileReference; lastKnownFileType = audio.mp3; path = "beep-07.mp3"; sourceTree = "<group>"; };
		ECFFE32F209656D9002BEA7A /* WelcomeViewController.swift */ = {isa = PBXFileReference; lastKnownFileType = sourcecode.swift; path = WelcomeViewController.swift; sourceTree = "<group>"; };
		ECFFE33120966354002BEA7A /* OpenFoodViewController.swift */ = {isa = PBXFileReference; lastKnownFileType = sourcecode.swift; path = OpenFoodViewController.swift; sourceTree = "<group>"; };
/* End PBXFileReference section */

/* Begin PBXFrameworksBuildPhase section */
		EC2561E1208FA40700731559 /* Frameworks */ = {
			isa = PBXFrameworksBuildPhase;
			buildActionMask = 2147483647;
			files = (
			);
			runOnlyForDeploymentPostprocessing = 0;
		};
/* End PBXFrameworksBuildPhase section */

/* Begin PBXGroup section */
		EC2561DB208FA40700731559 = {
			isa = PBXGroup;
			children = (
				EC2561E6208FA40700731559 /* Scanner */,
				EC2561E5208FA40700731559 /* Products */,
			);
			sourceTree = "<group>";
		};
		EC2561E5208FA40700731559 /* Products */ = {
			isa = PBXGroup;
			children = (
				EC2561E4208FA40700731559 /* Scanner.app */,
			);
			name = Products;
			sourceTree = "<group>";
		};
		EC2561E6208FA40700731559 /* Scanner */ = {
			isa = PBXGroup;
			children = (
				ECFFE32F209656D9002BEA7A /* WelcomeViewController.swift */,
				EC2561E7208FA40700731559 /* AppDelegate.swift */,
				EC2561E9208FA40800731559 /* ScannerViewController.swift */,
				EC2561EB208FA40800731559 /* Main.storyboard */,
				ECFFE33120966354002BEA7A /* OpenFoodViewController.swift */,
				EC2561EE208FA40900731559 /* Assets.xcassets */,
				EC286E8F20952780000647A5 /* beep-07.mp3 */,
				EC2561F0208FA40900731559 /* LaunchScreen.storyboard */,
				EC2561F3208FA40900731559 /* Info.plist */,
			);
			path = Scanner;
			sourceTree = "<group>";
		};
/* End PBXGroup section */

/* Begin PBXNativeTarget section */
		EC2561E3208FA40700731559 /* Scanner */ = {
			isa = PBXNativeTarget;
			buildConfigurationList = EC2561F6208FA40900731559 /* Build configuration list for PBXNativeTarget "Scanner" */;
			buildPhases = (
				EC2561E0208FA40700731559 /* Sources */,
				EC2561E1208FA40700731559 /* Frameworks */,
				EC2561E2208FA40700731559 /* Resources */,
			);
			buildRules = (
			);
			dependencies = (
			);
			name = Scanner;
			productName = Scanner;
			productReference = EC2561E4208FA40700731559 /* Scanner.app */;
			productType = "com.apple.product-type.application";
		};
/* End PBXNativeTarget section */

/* Begin PBXProject section */
		EC2561DC208FA40700731559 /* Project object */ = {
			isa = PBXProject;
			attributes = {
				LastSwiftUpdateCheck = 0930;
				LastUpgradeCheck = 0930;
				ORGANIZATIONNAME = "jean-michel zaragoza";
				TargetAttributes = {
					EC2561E3208FA40700731559 = {
						CreatedOnToolsVersion = 9.3;
					};
				};
			};
			buildConfigurationList = EC2561DF208FA40700731559 /* Build configuration list for PBXProject "Scanner" */;
			compatibilityVersion = "Xcode 9.3";
			developmentRegion = en;
			hasScannedForEncodings = 0;
			knownRegions = (
				en,
				Base,
			);
			mainGroup = EC2561DB208FA40700731559;
			productRefGroup = EC2561E5208FA40700731559 /* Products */;
			projectDirPath = "";
			projectRoot = "";
			targets = (
				EC2561E3208FA40700731559 /* Scanner */,
			);
		};
/* End PBXProject section */

/* Begin PBXResourcesBuildPhase section */
		EC2561E2208FA40700731559 /* Resources */ = {
			isa = PBXResourcesBuildPhase;
			buildActionMask = 2147483647;
			files = (
				EC2561F2208FA40900731559 /* LaunchScreen.storyboard in Resources */,
				EC286E9020952780000647A5 /* beep-07.mp3 in Resources */,
				EC2561EF208FA40900731559 /* Assets.xcassets in Resources */,
				EC2561ED208FA40800731559 /* Main.storyboard in Resources */,
			);
			runOnlyForDeploymentPostprocessing = 0;
		};
/* End PBXResourcesBuildPhase section */

/* Begin PBXSourcesBuildPhase section */
		EC2561E0208FA40700731559 /* Sources */ = {
			isa = PBXSourcesBuildPhase;
			buildActionMask = 2147483647;
			files = (
				ECFFE33220966354002BEA7A /* OpenFoodViewController.swift in Sources */,
				ECFFE330209656D9002BEA7A /* WelcomeViewController.swift in Sources */,
				EC2561EA208FA40800731559 /* ScannerViewController.swift in Sources */,
				EC2561E8208FA40700731559 /* AppDelegate.swift in Sources */,
			);
			runOnlyForDeploymentPostprocessing = 0;
		};
/* End PBXSourcesBuildPhase section */

/* Begin PBXVariantGroup section */
		EC2561EB208FA40800731559 /* Main.storyboard */ = {
			isa = PBXVariantGroup;
			children = (
				EC2561EC208FA40800731559 /* Base */,
			);
			name = Main.storyboard;
			sourceTree = "<group>";
		};
		EC2561F0208FA40900731559 /* LaunchScreen.storyboard */ = {
			isa = PBXVariantGroup;
			children = (
				EC2561F1208FA40900731559 /* Base */,
			);
			name = LaunchScreen.storyboard;
			sourceTree = "<group>";
		};
/* End PBXVariantGroup section */

/* Begin XCBuildConfiguration section */
		EC2561F4208FA40900731559 /* Debug */ = {
			isa = XCBuildConfiguration;
			buildSettings = {
				ALWAYS_SEARCH_USER_PATHS = NO;
				CLANG_ANALYZER_NONNULL = YES;
				CLANG_ANALYZER_NUMBER_OBJECT_CONVERSION = YES_AGGRESSIVE;
				CLANG_CXX_LANGUAGE_STANDARD = "gnu++14";
				CLANG_CXX_LIBRARY = "libc++";
				CLANG_ENABLE_MODULES = YES;
				CLANG_ENABLE_OBJC_ARC = YES;
				CLANG_ENABLE_OBJC_WEAK = YES;
				CLANG_WARN_BLOCK_CAPTURE_AUTORELEASING = YES;
				CLANG_WARN_BOOL_CONVERSION = YES;
				CLANG_WARN_COMMA = YES;
				CLANG_WARN_CONSTANT_CONVERSION = YES;
				CLANG_WARN_DEPRECATED_OBJC_IMPLEMENTATIONS = YES;
				CLANG_WARN_DIRECT_OBJC_ISA_USAGE = YES_ERROR;
				CLANG_WARN_DOCUMENTATION_COMMENTS = YES;
				CLANG_WARN_EMPTY_BODY = YES;
				CLANG_WARN_ENUM_CONVERSION = YES;
				CLANG_WARN_INFINITE_RECURSION = YES;
				CLANG_WARN_INT_CONVERSION = YES;
				CLANG_WARN_NON_LITERAL_NULL_CONVERSION = YES;
				CLANG_WARN_OBJC_IMPLICIT_RETAIN_SELF = YES;
				CLANG_WARN_OBJC_LITERAL_CONVERSION = YES;
				CLANG_WARN_OBJC_ROOT_CLASS = YES_ERROR;
				CLANG_WARN_RANGE_LOOP_ANALYSIS = YES;
				CLANG_WARN_STRICT_PROTOTYPES = YES;
				CLANG_WARN_SUSPICIOUS_MOVE = YES;
				CLANG_WARN_UNGUARDED_AVAILABILITY = YES_AGGRESSIVE;
				CLANG_WARN_UNREACHABLE_CODE = YES;
				CLANG_WARN__DUPLICATE_METHOD_MATCH = YES;
				CODE_SIGN_IDENTITY = "iPhone Developer";
				COPY_PHASE_STRIP = NO;
				DEBUG_INFORMATION_FORMAT = dwarf;
				ENABLE_STRICT_OBJC_MSGSEND = YES;
				ENABLE_TESTABILITY = YES;
				GCC_C_LANGUAGE_STANDARD = gnu11;
				GCC_DYNAMIC_NO_PIC = NO;
				GCC_NO_COMMON_BLOCKS = YES;
				GCC_OPTIMIZATION_LEVEL = 0;
				GCC_PREPROCESSOR_DEFINITIONS = (
					"DEBUG=1",
					"$(inherited)",
				);
				GCC_WARN_64_TO_32_BIT_CONVERSION = YES;
				GCC_WARN_ABOUT_RETURN_TYPE = YES_ERROR;
				GCC_WARN_UNDECLARED_SELECTOR = YES;
				GCC_WARN_UNINITIALIZED_AUTOS = YES_AGGRESSIVE;
				GCC_WARN_UNUSED_FUNCTION = YES;
				GCC_WARN_UNUSED_VARIABLE = YES;
				IPHONEOS_DEPLOYMENT_TARGET = 11.3;
				MTL_ENABLE_DEBUG_INFO = YES;
				ONLY_ACTIVE_ARCH = YES;
				SDKROOT = iphoneos;
				SWIFT_ACTIVE_COMPILATION_CONDITIONS = DEBUG;
				SWIFT_OPTIMIZATION_LEVEL = "-Onone";
			};
			name = Debug;
		};
		EC2561F5208FA40900731559 /* Release */ = {
			isa = XCBuildConfiguration;
			buildSettings = {
				ALWAYS_SEARCH_USER_PATHS = NO;
				CLANG_ANALYZER_NONNULL = YES;
				CLANG_ANALYZER_NUMBER_OBJECT_CONVERSION = YES_AGGRESSIVE;
				CLANG_CXX_LANGUAGE_STANDARD = "gnu++14";
				CLANG_CXX_LIBRARY = "libc++";
				CLANG_ENABLE_MODULES = YES;
				CLANG_ENABLE_OBJC_ARC = YES;
				CLANG_ENABLE_OBJC_WEAK = YES;
				CLANG_WARN_BLOCK_CAPTURE_AUTORELEASING = YES;
				CLANG_WARN_BOOL_CONVERSION = YES;
				CLANG_WARN_COMMA = YES;
				CLANG_WARN_CONSTANT_CONVERSION = YES;
				CLANG_WARN_DEPRECATED_OBJC_IMPLEMENTATIONS = YES;
				CLANG_WARN_DIRECT_OBJC_ISA_USAGE = YES_ERROR;
				CLANG_WARN_DOCUMENTATION_COMMENTS = YES;
				CLANG_WARN_EMPTY_BODY = YES;
				CLANG_WARN_ENUM_CONVERSION = YES;
				CLANG_WARN_INFINITE_RECURSION = YES;
				CLANG_WARN_INT_CONVERSION = YES;
				CLANG_WARN_NON_LITERAL_NULL_CONVERSION = YES;
				CLANG_WARN_OBJC_IMPLICIT_RETAIN_SELF = YES;
				CLANG_WARN_OBJC_LITERAL_CONVERSION = YES;
				CLANG_WARN_OBJC_ROOT_CLASS = YES_ERROR;
				CLANG_WARN_RANGE_LOOP_ANALYSIS = YES;
				CLANG_WARN_STRICT_PROTOTYPES = YES;
				CLANG_WARN_SUSPICIOUS_MOVE = YES;
				CLANG_WARN_UNGUARDED_AVAILABILITY = YES_AGGRESSIVE;
				CLANG_WARN_UNREACHABLE_CODE = YES;
				CLANG_WARN__DUPLICATE_METHOD_MATCH = YES;
				CODE_SIGN_IDENTITY = "iPhone Developer";
				COPY_PHASE_STRIP = NO;
				DEBUG_INFORMATION_FORMAT = "dwarf-with-dsym";
				ENABLE_NS_ASSERTIONS = NO;
				ENABLE_STRICT_OBJC_MSGSEND = YES;
				GCC_C_LANGUAGE_STANDARD = gnu11;
				GCC_NO_COMMON_BLOCKS = YES;
				GCC_WARN_64_TO_32_BIT_CONVERSION = YES;
				GCC_WARN_ABOUT_RETURN_TYPE = YES_ERROR;
				GCC_WARN_UNDECLARED_SELECTOR = YES;
				GCC_WARN_UNINITIALIZED_AUTOS = YES_AGGRESSIVE;
				GCC_WARN_UNUSED_FUNCTION = YES;
				GCC_WARN_UNUSED_VARIABLE = YES;
				IPHONEOS_DEPLOYMENT_TARGET = 11.3;
				MTL_ENABLE_DEBUG_INFO = NO;
				SDKROOT = iphoneos;
				SWIFT_COMPILATION_MODE = wholemodule;
				SWIFT_OPTIMIZATION_LEVEL = "-O";
				VALIDATE_PRODUCT = YES;
			};
			name = Release;
		};
		EC2561F7208FA40900731559 /* Debug */ = {
			isa = XCBuildConfiguration;
			buildSettings = {
				ASSETCATALOG_COMPILER_APPICON_NAME = AppIcon;
				CODE_SIGN_STYLE = Automatic;
				DEVELOPMENT_TEAM = 7F38HBPP7L;
				INFOPLIST_FILE = Scanner/Info.plist;
				LD_RUNPATH_SEARCH_PATHS = (
					"$(inherited)",
					"@executable_path/Frameworks",
				);
				PRODUCT_BUNDLE_IDENTIFIER = fr.jmzxp.Scanner;
				PRODUCT_NAME = "$(TARGET_NAME)";
				SWIFT_VERSION = 4.0;
				TARGETED_DEVICE_FAMILY = "1,2";
			};
			name = Debug;
		};
		EC2561F8208FA40900731559 /* Release */ = {
			isa = XCBuildConfiguration;
			buildSettings = {
				ASSETCATALOG_COMPILER_APPICON_NAME = AppIcon;
				CODE_SIGN_STYLE = Automatic;
				DEVELOPMENT_TEAM = 7F38HBPP7L;
				INFOPLIST_FILE = Scanner/Info.plist;
				LD_RUNPATH_SEARCH_PATHS = (
					"$(inherited)",
					"@executable_path/Frameworks",
				);
				PRODUCT_BUNDLE_IDENTIFIER = fr.jmzxp.Scanner;
				PRODUCT_NAME = "$(TARGET_NAME)";
				SWIFT_VERSION = 4.0;
				TARGETED_DEVICE_FAMILY = "1,2";
			};
			name = Release;
		};
/* End XCBuildConfiguration section */

/* Begin XCConfigurationList section */
		EC2561DF208FA40700731559 /* Build configuration list for PBXProject "Scanner" */ = {
			isa = XCConfigurationList;
			buildConfigurations = (
				EC2561F4208FA40900731559 /* Debug */,
				EC2561F5208FA40900731559 /* Release */,
			);
			defaultConfigurationIsVisible = 0;
			defaultConfigurationName = Release;
		};
		EC2561F6208FA40900731559 /* Build configuration list for PBXNativeTarget "Scanner" */ = {
			isa = XCConfigurationList;
			buildConfigurations = (
				EC2561F7208FA40900731559 /* Debug */,
				EC2561F8208FA40900731559 /* Release */,
			);
			defaultConfigurationIsVisible = 0;
			defaultConfigurationName = Release;
		};
/* End XCConfigurationList section */
	};
	rootObject = EC2561DC208FA40700731559 /* Project object */;
}
